
Microsoft Visual Studio Solution File, Format Version 12.00
# Visual Studio Version 17
VisualStudioVersion = 17.2.32526.322
MinimumVisualStudioVersion = 10.0.40219.1
Project("{FAE04EC0-301F-11D3-BF4B-00C04F79EFBC}") = "DictionarySort", "DictionarySort.csproj", "{DBF9516A-8E33-4FF2-84DE-DBF955CDE27F}"
EndProject
Global
	GlobalSection(SolutionConfigurationPlatforms) = preSolution
		Debug|Any CPU = Debug|Any CPU
		Release|Any CPU = Release|Any CPU
	EndGlobalSection
	GlobalSection(ProjectConfigurationPlatforms) = postSolution
		{DBF9516A-8E33-4FF2-84DE-DBF955CDE27F}.Debug|Any CPU.ActiveCfg = Debug|Any CPU
		{DBF9516A-8E33-4FF2-84DE-DBF955CDE27F}.Debug|Any CPU.Build.0 = Debug|Any CPU
		{DBF9516A-8E33-4FF2-84DE-DBF955CDE27F}.Release|Any CPU.ActiveCfg = Release|Any CPU
		{DBF9516A-8E33-4FF2-84DE-DBF955CDE27F}.Release|Any CPU.Build.0 = Release|Any CPU
	EndGlobalSection
	GlobalSection(SolutionProperties) = preSolution
		HideSolutionNode = FALSE
	EndGlobalSection
	GlobalSection(ExtensibilityGlobals) = postSolution
		SolutionGuid = {AF7A1524-B2CC-406F-87A1-AF6CF51A5E75}
	EndGlobalSection
EndGlobal
